Microsoft Visual Studio Solution File, Format Version 12.00
# Visual Studio Version 17
VisualStudioVersion = 17.5.2.0
MinimumVisualStudioVersion = 10.0.40219.1
Project("{FAE04EC0-301F-11D3-BF4B-00C04F79EFBC}") = "api_bot", "api_bot.csproj", "{99415514-A9EA-9272-B2BA-E47DDAF33C90}"
EndProject
Global
	GlobalSection(SolutionConfigurationPlatforms) = preSolution
		Debug|Any CPU = Debug|Any CPU
		Release|Any CPU = Release|Any CPU
	EndGlobalSection
	GlobalSection(ProjectConfigurationPlatforms) = postSolution
		{99415514-A9EA-9272-B2BA-E47DDAF33C90}.Debug|Any CPU.ActiveCfg = Debug|Any CPU
		{99415514-A9EA-9272-B2BA-E47DDAF33C90}.Debug|Any CPU.Build.0 = Debug|Any CPU
		{99415514-A9EA-9272-B2BA-E47DDAF33C90}.Release|Any CPU.ActiveCfg = Release|Any CPU
		{99415514-A9EA-9272-B2BA-E47DDAF33C90}.Release|Any CPU.Build.0 = Release|Any CPU
	EndGlobalSection
	GlobalSection(SolutionProperties) = preSolution
		HideSolutionNode = FALSE
	EndGlobalSection
	GlobalSection(ExtensibilityGlobals) = postSolution
		SolutionGuid = {F3CC9AA5-106F-419A-BFAA-B8EF7813FE4F}
	EndGlobalSection
EndGlobal
